
Microsoft Visual Studio Solution File, Format Version 12.00
# Visual Studio Version 17
VisualStudioVersion = 17.2.32616.157
MinimumVisualStudioVersion = 10.0.40219.1
Project("{FAE04EC0-301F-11D3-BF4B-00C04F79EFBC}") = "KanyeREST", "KanyeREST\KanyeREST.csproj", "{1FBAE324-0937-4D0A-AD0E-994F79CBF14C}"
EndProject
Global
	GlobalSection(SolutionConfigurationPlatforms) = preSolution
		Debug|Any CPU = Debug|Any CPU
		Release|Any CPU = Release|Any CPU
	EndGlobalSection
	GlobalSection(ProjectConfigurationPlatforms) = postSolution
		{1FBAE324-0937-4D0A-AD0E-994F79CBF14C}.Debug|Any CPU.ActiveCfg = Debug|Any CPU
		{1FBAE324-0937-4D0A-AD0E-994F79CBF14C}.Debug|Any CPU.Build.0 = Debug|Any CPU
		{1FBAE324-0937-4D0A-AD0E-994F79CBF14C}.Release|Any CPU.ActiveCfg = Release|Any CPU
		{1FBAE324-0937-4D0A-AD0E-994F79CBF14C}.Release|Any CPU.Build.0 = Release|Any CPU
	EndGlobalSection
	GlobalSection(SolutionProperties) = preSolution
		HideSolutionNode = FALSE
	EndGlobalSection
	GlobalSection(ExtensibilityGlobals) = postSolution
		SolutionGuid = {B24C4F14-2F86-47A3-89A9-118339FA4663}
	EndGlobalSection
EndGlobal
